
Microsoft Visual Studio Solution File, Format Version 12.00
# Visual Studio Version 17
VisualStudioVersion = 17.7.34221.43
MinimumVisualStudioVersion = 10.0.40219.1
Project("{9A19103F-16F7-4668-BE54-9A1E7A4F7556}") = "Finances.Backend", "Finances.Backend\Finances.Backend.csproj", "{C99FFFA3-EAB0-46C8-B1C6-8DD0D2C83881}"
EndProject
Global
	GlobalSection(SolutionConfigurationPlatforms) = preSolution
		Debug|Any CPU = Debug|Any CPU
		Release|Any CPU = Release|Any CPU
	EndGlobalSection
	GlobalSection(ProjectConfigurationPlatforms) = postSolution
		{C99FFFA3-EAB0-46C8-B1C6-8DD0D2C83881}.Debug|Any CPU.ActiveCfg = Debug|Any CPU
		{C99FFFA3-EAB0-46C8-B1C6-8DD0D2C83881}.Debug|Any CPU.Build.0 = Debug|Any CPU
		{C99FFFA3-EAB0-46C8-B1C6-8DD0D2C83881}.Release|Any CPU.ActiveCfg = Release|Any CPU
		{C99FFFA3-EAB0-46C8-B1C6-8DD0D2C83881}.Release|Any CPU.Build.0 = Release|Any CPU
	EndGlobalSection
	GlobalSection(SolutionProperties) = preSolution
		HideSolutionNode = FALSE
	EndGlobalSection
	GlobalSection(ExtensibilityGlobals) = postSolution
		SolutionGuid = {3769C26F-B43E-471B-A177-2C024CE51D1C}
	EndGlobalSection
EndGlobal
